
Microsoft Visual Studio Solution File, Format Version 12.00
# Visual Studio Version 16
VisualStudioVersion = 16.0.30907.101
MinimumVisualStudioVersion = 10.0.40219.1
Project("{FAE04EC0-301F-11D3-BF4B-00C04F79EFBC}") = "HADS_IBER_EVAR", "HADS_IBER_EVAR\HADS_IBER_EVAR.csproj", "{FFB6BACC-0154-4BDA-82C9-C44A7E9FCD81}"
EndProject
Project("{9A19103F-16F7-4668-BE54-9A1E7A4F7556}") = "Lab3", "Lab3\Lab3.csproj", "{7900412A-F030-4016-B656-DCB7ADD7CC1A}"
EndProject
Project("{FAE04EC0-301F-11D3-BF4B-00C04F79EFBC}") = "Lab4", "Lab4\Lab4.csproj", "{13B28AF9-366C-4590-AD19-4C03BE1C761C}"
EndProject
Global
	GlobalSection(SolutionConfigurationPlatforms) = preSolution
		Debug|Any CPU = Debug|Any CPU
		Release|Any CPU = Release|Any CPU
	EndGlobalSection
	GlobalSection(ProjectConfigurationPlatforms) = postSolution
		{FFB6BACC-0154-4BDA-82C9-C44A7E9FCD81}.Debug|Any CPU.ActiveCfg = Debug|Any CPU
		{FFB6BACC-0154-4BDA-82C9-C44A7E9FCD81}.Debug|Any CPU.Build.0 = Debug|Any CPU
		{FFB6BACC-0154-4BDA-82C9-C44A7E9FCD81}.Release|Any CPU.ActiveCfg = Release|Any CPU
		{FFB6BACC-0154-4BDA-82C9-C44A7E9FCD81}.Release|Any CPU.Build.0 = Release|Any CPU
		{7900412A-F030-4016-B656-DCB7ADD7CC1A}.Debug|Any CPU.ActiveCfg = Debug|Any CPU
		{7900412A-F030-4016-B656-DCB7ADD7CC1A}.Debug|Any CPU.Build.0 = Debug|Any CPU
		{7900412A-F030-4016-B656-DCB7ADD7CC1A}.Release|Any CPU.ActiveCfg = Release|Any CPU
		{7900412A-F030-4016-B656-DCB7ADD7CC1A}.Release|Any CPU.Build.0 = Release|Any CPU
		{13B28AF9-366C-4590-AD19-4C03BE1C761C}.Debug|Any CPU.ActiveCfg = Debug|Any CPU
		{13B28AF9-366C-4590-AD19-4C03BE1C761C}.Debug|Any CPU.Build.0 = Debug|Any CPU
		{13B28AF9-366C-4590-AD19-4C03BE1C761C}.Release|Any CPU.ActiveCfg = Release|Any CPU
		{13B28AF9-366C-4590-AD19-4C03BE1C761C}.Release|Any CPU.Build.0 = Release|Any CPU
	EndGlobalSection
	GlobalSection(SolutionProperties) = preSolution
		HideSolutionNode = FALSE
	EndGlobalSection
	GlobalSection(ExtensibilityGlobals) = postSolution
		SolutionGuid = {FFA08CEC-BE33-4A93-BDB9-143320E50DAA}
	EndGlobalSection
EndGlobal
